// !$*UTF8*$!
{
	archiveVersion = 1;
	classes = {
	};
	objectVersion = 50;
	objects = {

/* Begin PBXBuildFile section */
		1D1379F3A4128BB5B3535AF8 /* Pods_flixUITests.framework in Frameworks */ = {isa = PBXBuildFile; fileRef = 5388E01FDABEECF7F4D5D7CE /* Pods_flixUITests.framework */; };
		62C34A01B047FAEA2A16C9F7 /* Pods_flix.framework in Frameworks */ = {isa = PBXBuildFile; fileRef = 9DC78D3B4FC3A287FC6375FA /* Pods_flix.framework */; };
		6A4D29F82146F85E000DE11E /* AppDelegate.swift in Sources */ = {isa = PBXBuildFile; fileRef = 6A4D29F72146F85E000DE11E /* AppDelegate.swift */; };
		6A4D29FD2146F85E000DE11E /* Main.storyboard in Resources */ = {isa = PBXBuildFile; fileRef = 6A4D29FB2146F85E000DE11E /* Main.storyboard */; };
		6A4D29FF2146F85F000DE11E /* Assets.xcassets in Resources */ = {isa = PBXBuildFile; fileRef = 6A4D29FE2146F85F000DE11E /* Assets.xcassets */; };
		6A4D2A022146F85F000DE11E /* LaunchScreen.storyboard in Resources */ = {isa = PBXBuildFile; fileRef = 6A4D2A002146F85F000DE11E /* LaunchScreen.storyboard */; };
		6A4D2A0D2146F85F000DE11E /* flixTests.swift in Sources */ = {isa = PBXBuildFile; fileRef = 6A4D2A0C2146F85F000DE11E /* flixTests.swift */; };
		6A4D2A182146F85F000DE11E /* flixUITests.swift in Sources */ = {isa = PBXBuildFile; fileRef = 6A4D2A172146F85F000DE11E /* flixUITests.swift */; };
		6A4D2A262146FCAE000DE11E /* NowPlayingViewController.swift in Sources */ = {isa = PBXBuildFile; fileRef = 6A4D2A252146FCAE000DE11E /* NowPlayingViewController.swift */; };
		6A4D2A2821470DE2000DE11E /* MovieCell.swift in Sources */ = {isa = PBXBuildFile; fileRef = 6A4D2A2721470DE2000DE11E /* MovieCell.swift */; };
		6A9FF93021499D8500F31E2A /* DetailViewController.swift in Sources */ = {isa = PBXBuildFile; fileRef = 6A9FF92F21499D8500F31E2A /* DetailViewController.swift */; };
		AF6259D097C891EA185E070B /* Pods_flixTests.framework in Frameworks */ = {isa = PBXBuildFile; fileRef = 12DDB7057B7190328FBFFA95 /* Pods_flixTests.framework */; };
/* End PBXBuildFile section */

/* Begin PBXContainerItemProxy section */
		6A4D2A092146F85F000DE11E /* PBXContainerItemProxy */ = {
			isa = PBXContainerItemProxy;
			containerPortal = 6A4D29EC2146F85E000DE11E /* Project object */;
			proxyType = 1;
			remoteGlobalIDString = 6A4D29F32146F85E000DE11E;
			remoteInfo = flix;
		};
		6A4D2A142146F85F000DE11E /* PBXContainerItemProxy */ = {
			isa = PBXContainerItemProxy;
			containerPortal = 6A4D29EC2146F85E000DE11E /* Project object */;
			proxyType = 1;
			remoteGlobalIDString = 6A4D29F32146F85E000DE11E;
			remoteInfo = flix;
		};
/* End PBXContainerItemProxy section */

/* Begin PBXFileReference section */
		12DDB7057B7190328FBFFA95 /* Pods_flixTests.framework */ = {isa = PBXFileReference; explicitFileType = wrapper.framework; includeInIndex = 0; path = Pods_flixTests.framework; sourceTree = BUILT_PRODUCTS_DIR; };
		177D49784B4361634FDDDE2A /* Pods-flixTests.release.xcconfig */ = {isa = PBXFileReference; includeInIndex = 1; lastKnownFileType = text.xcconfig; name = "Pods-flixTests.release.xcconfig"; path = "Pods/Target Support Files/Pods-flixTests/Pods-flixTests.release.xcconfig"; sourceTree = "<group>"; };
		2C11FE04F63F8EDB93A419F0 /* Pods-flix.debug.xcconfig */ = {isa = PBXFileReference; includeInIndex = 1; lastKnownFileType = text.xcconfig; name = "Pods-flix.debug.xcconfig"; path = "Pods/Target Support Files/Pods-flix/Pods-flix.debug.xcconfig"; sourceTree = "<group>"; };
		5388E01FDABEECF7F4D5D7CE /* Pods_flixUITests.framework */ = {isa = PBXFileReference; explicitFileType = wrapper.framework; includeInIndex = 0; path = Pods_flixUITests.framework; sourceTree = BUILT_PRODUCTS_DIR; };
		6A4D29F42146F85E000DE11E /* flix.app */ = {isa = PBXFileReference; explicitFileType = wrapper.application; includeInIndex = 0; path = flix.app; sourceTree = BUILT_PRODUCTS_DIR; };
		6A4D29F72146F85E000DE11E /* AppDelegate.swift */ = {isa = PBXFileReference; lastKnownFileType = sourcecode.swift; path = AppDelegate.swift; sourceTree = "<group>"; };
		6A4D29FC2146F85E000DE11E /* Base */ = {isa = PBXFileReference; lastKnownFileType = file.storyboard; name = Base; path = Base.lproj/Main.storyboard; sourceTree = "<group>"; };
		6A4D29FE2146F85F000DE11E /* Assets.xcassets */ = {isa = PBXFileReference; lastKnownFileType = folder.assetcatalog; path = Assets.xcassets; sourceTree = "<group>"; };
		6A4D2A012146F85F000DE11E /* Base */ = {isa = PBXFileReference; lastKnownFileType = file.storyboard; name = Base; path = Base.lproj/LaunchScreen.storyboard; sourceTree = "<group>"; };
		6A4D2A032146F85F000DE11E /* Info.plist */ = {isa = PBXFileReference; lastKnownFileType = text.plist.xml; path = Info.plist; sourceTree = "<group>"; };
		6A4D2A082146F85F000DE11E /* flixTests.xctest */ = {isa = PBXFileReference; explicitFileType = wrapper.cfbundle; includeInIndex = 0; path = flixTests.xctest; sourceTree = BUILT_PRODUCTS_DIR; };
		6A4D2A0C2146F85F000DE11E /* flixTests.swift */ = {isa = PBXFileReference; lastKnownFileType = sourcecode.swift; path = flixTests.swift; sourceTree = "<group>"; };
		6A4D2A0E2146F85F000DE11E /* Info.plist */ = {isa = PBXFileReference; lastKnownFileType = text.plist.xml; path = Info.plist; sourceTree = "<group>"; };
		6A4D2A132146F85F000DE11E /* flixUITests.xctest */ = {isa = PBXFileReference; explicitFileType = wrapper.cfbundle; includeInIndex = 0; path = flixUITests.xctest; sourceTree = BUILT_PRODUCTS_DIR; };
		6A4D2A172146F85F000DE11E /* flixUITests.swift */ = {isa = PBXFileReference; lastKnownFileType = sourcecode.swift; path = flixUITests.swift; sourceTree = "<group>"; };
		6A4D2A192146F85F000DE11E /* Info.plist */ = {isa = PBXFileReference; lastKnownFileType = text.plist.xml; path = Info.plist; sourceTree = "<group>"; };
		6A4D2A252146FCAE000DE11E /* NowPlayingViewController.swift */ = {isa = PBXFileReference; lastKnownFileType = sourcecode.swift; path = NowPlayingViewController.swift; sourceTree = "<group>"; };
		6A4D2A2721470DE2000DE11E /* MovieCell.swift */ = {isa = PBXFileReference; lastKnownFileType = sourcecode.swift; path = MovieCell.swift; sourceTree = "<group>"; };
		6A9FF92F21499D8500F31E2A /* DetailViewController.swift */ = {isa = PBXFileReference; lastKnownFileType = sourcecode.swift; path = DetailViewController.swift; sourceTree = "<group>"; };
		9DC78D3B4FC3A287FC6375FA /* Pods_flix.framework */ = {isa = PBXFileReference; explicitFileType = wrapper.framework; includeInIndex = 0; path = Pods_flix.framework; sourceTree = BUILT_PRODUCTS_DIR; };
		A5BE41784A0CCB0ECF3722D5 /* Pods-flixUITests.debug.xcconfig */ = {isa = PBXFileReference; includeInIndex = 1; lastKnownFileType = text.xcconfig; name = "Pods-flixUITests.debug.xcconfig"; path = "Pods/Target Support Files/Pods-flixUITests/Pods-flixUITests.debug.xcconfig"; sourceTree = "<group>"; };
		AC195BFE35AFE91DD6BD49E8 /* Pods-flixUITests.release.xcconfig */ = {isa = PBXFileReference; includeInIndex = 1; lastKnownFileType = text.xcconfig; name = "Pods-flixUITests.release.xcconfig"; path = "Pods/Target Support Files/Pods-flixUITests/Pods-flixUITests.release.xcconfig"; sourceTree = "<group>"; };
		DDC19F0B9CDB7E8BBA326E71 /* Pods-flix.release.xcconfig */ = {isa = PBXFileReference; includeInIndex = 1; lastKnownFileType = text.xcconfig; name = "Pods-flix.release.xcconfig"; path = "Pods/Target Support Files/Pods-flix/Pods-flix.release.xcconfig"; sourceTree = "<group>"; };
		F434559E9C17459F2245F8A0 /* Pods-flixTests.debug.xcconfig */ = {isa = PBXFileReference; includeInIndex = 1; lastKnownFileType = text.xcconfig; name = "Pods-flixTests.debug.xcconfig"; path = "Pods/Target Support Files/Pods-flixTests/Pods-flixTests.debug.xcconfig"; sourceTree = "<group>"; };
/* End PBXFileReference section */

/* Begin PBXFrameworksBuildPhase section */
		6A4D29F12146F85E000DE11E /* Frameworks */ = {
			isa = PBXFrameworksBuildPhase;
			buildActionMask = 2147483647;
			files = (
				62C34A01B047FAEA2A16C9F7 /* Pods_flix.framework in Frameworks */,
			);
			runOnlyForDeploymentPostprocessing = 0;
		};
		6A4D2A052146F85F000DE11E /* Frameworks */ = {
			isa = PBXFrameworksBuildPhase;
			buildActionMask = 2147483647;
			files = (
				AF6259D097C891EA185E070B /* Pods_flixTests.framework in Frameworks */,
			);
			runOnlyForDeploymentPostprocessing = 0;
		};
		6A4D2A102146F85F000DE11E /* Frameworks */ = {
			isa = PBXFrameworksBuildPhase;
			buildActionMask = 2147483647;
			files = (
				1D1379F3A4128BB5B3535AF8 /* Pods_flixUITests.framework in Frameworks */,
			);
			runOnlyForDeploymentPostprocessing = 0;
		};
/* End PBXFrameworksBuildPhase section */

/* Begin PBXGroup section */
		3C2AB092B51BDD3FCB107324 /* Pods */ = {
			isa = PBXGroup;
			children = (
				2C11FE04F63F8EDB93A419F0 /* Pods-flix.debug.xcconfig */,
				DDC19F0B9CDB7E8BBA326E71 /* Pods-flix.release.xcconfig */,
				F434559E9C17459F2245F8A0 /* Pods-flixTests.debug.xcconfig */,
				177D49784B4361634FDDDE2A /* Pods-flixTests.release.xcconfig */,
				A5BE41784A0CCB0ECF3722D5 /* Pods-flixUITests.debug.xcconfig */,
				AC195BFE35AFE91DD6BD49E8 /* Pods-flixUITests.release.xcconfig */,
			);
			name = Pods;
			sourceTree = "<group>";
		};
		6A4D29EB2146F85E000DE11E = {
			isa = PBXGroup;
			children = (
				6A4D29F62146F85E000DE11E /* flix */,
				6A4D2A0B2146F85F000DE11E /* flixTests */,
				6A4D2A162146F85F000DE11E /* flixUITests */,
				6A4D29F52146F85E000DE11E /* Products */,
				3C2AB092B51BDD3FCB107324 /* Pods */,
				C35D8829D3A82583C733A3B4 /* Frameworks */,
			);
			sourceTree = "<group>";
		};
		6A4D29F52146F85E000DE11E /* Products */ = {
			isa = PBXGroup;
			children = (
				6A4D29F42146F85E000DE11E /* flix.app */,
				6A4D2A082146F85F000DE11E /* flixTests.xctest */,
				6A4D2A132146F85F000DE11E /* flixUITests.xctest */,
			);
			name = Products;
			sourceTree = "<group>";
		};
		6A4D29F62146F85E000DE11E /* flix */ = {
			isa = PBXGroup;
			children = (
				6A9FF92E21499D5F00F31E2A /* Views */,
				6A9FF92D21499D3D00F31E2A /* ViewControllers */,
				6A4D29F72146F85E000DE11E /* AppDelegate.swift */,
				6A4D29FB2146F85E000DE11E /* Main.storyboard */,
				6A4D29FE2146F85F000DE11E /* Assets.xcassets */,
				6A4D2A002146F85F000DE11E /* LaunchScreen.storyboard */,
				6A4D2A032146F85F000DE11E /* Info.plist */,
			);
			path = flix;
			sourceTree = "<group>";
		};
		6A4D2A0B2146F85F000DE11E /* flixTests */ = {
			isa = PBXGroup;
			children = (
				6A4D2A0C2146F85F000DE11E /* flixTests.swift */,
				6A4D2A0E2146F85F000DE11E /* Info.plist */,
			);
			path = flixTests;
			sourceTree = "<group>";
		};
		6A4D2A162146F85F000DE11E /* flixUITests */ = {
			isa = PBXGroup;
			children = (
				6A4D2A172146F85F000DE11E /* flixUITests.swift */,
				6A4D2A192146F85F000DE11E /* Info.plist */,
			);
			path = flixUITests;
			sourceTree = "<group>";
		};
		6A9FF92D21499D3D00F31E2A /* ViewControllers */ = {
			isa = PBXGroup;
			children = (
				6A4D2A252146FCAE000DE11E /* NowPlayingViewController.swift */,
				6A9FF92F21499D8500F31E2A /* DetailViewController.swift */,
			);
			path = ViewControllers;
			sourceTree = "<group>";
		};
		6A9FF92E21499D5F00F31E2A /* Views */ = {
			isa = PBXGroup;
			children = (
				6A4D2A2721470DE2000DE11E /* MovieCell.swift */,
			);
			path = Views;
			sourceTree = "<group>";
		};
		C35D8829D3A82583C733A3B4 /* Frameworks */ = {
			isa = PBXGroup;
			children = (
				9DC78D3B4FC3A287FC6375FA /* Pods_flix.framework */,
				12DDB7057B7190328FBFFA95 /* Pods_flixTests.framework */,
				5388E01FDABEECF7F4D5D7CE /* Pods_flixUITests.framework */,
			);
			name = Frameworks;
			sourceTree = "<group>";
		};
/* End PBXGroup section */

/* Begin PBXNativeTarget section */
		6A4D29F32146F85E000DE11E /* flix */ = {
			isa = PBXNativeTarget;
			buildConfigurationList = 6A4D2A1C2146F85F000DE11E /* Build configuration list for PBXNativeTarget "flix" */;
			buildPhases = (
				691F62AC4B5106430BE8875E /* [CP] Check Pods Manifest.lock */,
				6A4D29F02146F85E000DE11E /* Sources */,
				6A4D29F12146F85E000DE11E /* Frameworks */,
				6A4D29F22146F85E000DE11E /* Resources */,
				E95A4C12CA8ACD0AE29C8DD4 /* [CP] Embed Pods Frameworks */,
			);
			buildRules = (
			);
			dependencies = (
			);
			name = flix;
			productName = flix;
			productReference = 6A4D29F42146F85E000DE11E /* flix.app */;
			productType = "com.apple.product-type.application";
		};
		6A4D2A072146F85F000DE11E /* flixTests */ = {
			isa = PBXNativeTarget;
			buildConfigurationList = 6A4D2A1F2146F85F000DE11E /* Build configuration list for PBXNativeTarget "flixTests" */;
			buildPhases = (
				74869A908ED43E700DEABDF9 /* [CP] Check Pods Manifest.lock */,
				6A4D2A042146F85F000DE11E /* Sources */,
				6A4D2A052146F85F000DE11E /* Frameworks */,
				6A4D2A062146F85F000DE11E /* Resources */,
			);
			buildRules = (
			);
			dependencies = (
				6A4D2A0A2146F85F000DE11E /* PBXTargetDependency */,
			);
			name = flixTests;
			productName = flixTests;
			productReference = 6A4D2A082146F85F000DE11E /* flixTests.xctest */;
			productType = "com.apple.product-type.bundle.unit-test";
		};
		6A4D2A122146F85F000DE11E /* flixUITests */ = {
			isa = PBXNativeTarget;
			buildConfigurationList = 6A4D2A222146F85F000DE11E /* Build configuration list for PBXNativeTarget "flixUITests" */;
			buildPhases = (
				BD2853E6C4694A2499DA4E76 /* [CP] Check Pods Manifest.lock */,
				6A4D2A0F2146F85F000DE11E /* Sources */,
				6A4D2A102146F85F000DE11E /* Frameworks */,
				6A4D2A112146F85F000DE11E /* Resources */,
			);
			buildRules = (
			);
			dependencies = (
				6A4D2A152146F85F000DE11E /* PBXTargetDependency */,
			);
			name = flixUITests;
			productName = flixUITests;
			productReference = 6A4D2A132146F85F000DE11E /* flixUITests.xctest */;
			productType = "com.apple.product-type.bundle.ui-testing";
		};
/* End PBXNativeTarget section */

/* Begin PBXProject section */
		6A4D29EC2146F85E000DE11E /* Project object */ = {
			isa = PBXProject;
			attributes = {
				LastSwiftUpdateCheck = 0940;
				LastUpgradeCheck = 0940;
				ORGANIZATIONNAME = codepath;
				TargetAttributes = {
					6A4D29F32146F85E000DE11E = {
						CreatedOnToolsVersion = 9.4.1;
					};
					6A4D2A072146F85F000DE11E = {
						CreatedOnToolsVersion = 9.4.1;
						TestTargetID = 6A4D29F32146F85E000DE11E;
					};
					6A4D2A122146F85F000DE11E = {
						CreatedOnToolsVersion = 9.4.1;
						TestTargetID = 6A4D29F32146F85E000DE11E;
					};
				};
			};
			buildConfigurationList = 6A4D29EF2146F85E000DE11E /* Build configuration list for PBXProject "flix" */;
			compatibilityVersion = "Xcode 9.3";
			developmentRegion = en;
			hasScannedForEncodings = 0;
			knownRegions = (
				en,
				Base,
			);
			mainGroup = 6A4D29EB2146F85E000DE11E;
			productRefGroup = 6A4D29F52146F85E000DE11E /* Products */;
			projectDirPath = "";
			projectRoot = "";
			targets = (
				6A4D29F32146F85E000DE11E /* flix */,
				6A4D2A072146F85F000DE11E /* flixTests */,
				6A4D2A122146F85F000DE11E /* flixUITests */,
			);
		};
/* End PBXProject section */

/* Begin PBXResourcesBuildPhase section */
		6A4D29F22146F85E000DE11E /* Resources */ = {
			isa = PBXResourcesBuildPhase;
			buildActionMask = 2147483647;
			files = (
				6A4D2A022146F85F000DE11E /* LaunchScreen.storyboard in Resources */,
				6A4D29FF2146F85F000DE11E /* Assets.xcassets in Resources */,
				6A4D29FD2146F85E000DE11E /* Main.storyboard in Resources */,
			);
			runOnlyForDeploymentPostprocessing = 0;
		};
		6A4D2A062146F85F000DE11E /* Resources */ = {
			isa = PBXResourcesBuildPhase;
			buildActionMask = 2147483647;
			files = (
			);
			runOnlyForDeploymentPostprocessing = 0;
		};
		6A4D2A112146F85F000DE11E /* Resources */ = {
			isa = PBXResourcesBuildPhase;
			buildActionMask = 2147483647;
			files = (
			);
			runOnlyForDeploymentPostprocessing = 0;
		};
/* End PBXResourcesBuildPhase section */

/* Begin PBXShellScriptBuildPhase section */
		691F62AC4B5106430BE8875E /* [CP] Check Pods Manifest.lock */ = {
			isa = PBXShellScriptBuildPhase;
			buildActionMask = 2147483647;
			files = (
			);
			inputPaths = (
				"${PODS_PODFILE_DIR_PATH}/Podfile.lock",
				"${PODS_ROOT}/Manifest.lock",
			);
			name = "[CP] Check Pods Manifest.lock";
			outputPaths = (
				"$(DERIVED_FILE_DIR)/Pods-flix-checkManifestLockResult.txt",
			);
			runOnlyForDeploymentPostprocessing = 0;
			shellPath = /bin/sh;
			shellScript = "diff \"${PODS_PODFILE_DIR_PATH}/Podfile.lock\" \"${PODS_ROOT}/Manifest.lock\" > /dev/null\nif [ $? != 0 ] ; then\n    # print error to STDERR\n    echo \"error: The sandbox is not in sync with the Podfile.lock. Run 'pod install' or update your CocoaPods installation.\" >&2\n    exit 1\nfi\n# This output is used by Xcode 'outputs' to avoid re-running this script phase.\necho \"SUCCESS\" > \"${SCRIPT_OUTPUT_FILE_0}\"\n";
			showEnvVarsInLog = 0;
		};
		74869A908ED43E700DEABDF9 /* [CP] Check Pods Manifest.lock */ = {
			isa = PBXShellScriptBuildPhase;
			buildActionMask = 2147483647;
			files = (
			);
			inputPaths = (
				"${PODS_PODFILE_DIR_PATH}/Podfile.lock",
				"${PODS_ROOT}/Manifest.lock",
			);
			name = "[CP] Check Pods Manifest.lock";
			outputPaths = (
				"$(DERIVED_FILE_DIR)/Pods-flixTests-checkManifestLockResult.txt",
			);
			runOnlyForDeploymentPostprocessing = 0;
			shellPath = /bin/sh;
			shellScript = "diff \"${PODS_PODFILE_DIR_PATH}/Podfile.lock\" \"${PODS_ROOT}/Manifest.lock\" > /dev/null\nif [ $? != 0 ] ; then\n    # print error to STDERR\n    echo \"error: The sandbox is not in sync with the Podfile.lock. Run 'pod install' or update your CocoaPods installation.\" >&2\n    exit 1\nfi\n# This output is used by Xcode 'outputs' to avoid re-running this script phase.\necho \"SUCCESS\" > \"${SCRIPT_OUTPUT_FILE_0}\"\n";
			showEnvVarsInLog = 0;
		};
		BD2853E6C4694A2499DA4E76 /* [CP] Check Pods Manifest.lock */ = {
			isa = PBXShellScriptBuildPhase;
			buildActionMask = 2147483647;
			files = (
			);
			inputPaths = (
				"${PODS_PODFILE_DIR_PATH}/Podfile.lock",
				"${PODS_ROOT}/Manifest.lock",
			);
			name = "[CP] Check Pods Manifest.lock";
			outputPaths = (
				"$(DERIVED_FILE_DIR)/Pods-flixUITests-checkManifestLockResult.txt",
			);
			runOnlyForDeploymentPostprocessing = 0;
			shellPath = /bin/sh;
			shellScript = "diff \"${PODS_PODFILE_DIR_PATH}/Podfile.lock\" \"${PODS_ROOT}/Manifest.lock\" > /dev/null\nif [ $? != 0 ] ; then\n    # print error to STDERR\n    echo \"error: The sandbox is not in sync with the Podfile.lock. Run 'pod install' or update your CocoaPods installation.\" >&2\n    exit 1\nfi\n# This output is used by Xcode 'outputs' to avoid re-running this script phase.\necho \"SUCCESS\" > \"${SCRIPT_OUTPUT_FILE_0}\"\n";
			showEnvVarsInLog = 0;
		};
		E95A4C12CA8ACD0AE29C8DD4 /* [CP] Embed Pods Frameworks */ = {
			isa = PBXShellScriptBuildPhase;
			buildActionMask = 2147483647;
			files = (
			);
			inputPaths = (
				"${SRCROOT}/Pods/Target Support Files/Pods-flix/Pods-flix-frameworks.sh",
				"${BUILT_PRODUCTS_DIR}/Alamofire/Alamofire.framework",
				"${BUILT_PRODUCTS_DIR}/AlamofireImage/AlamofireImage.framework",
			);
			name = "[CP] Embed Pods Frameworks";
			outputPaths = (
				"${TARGET_BUILD_DIR}/${FRAMEWORKS_FOLDER_PATH}/Alamofire.framework",
				"${TARGET_BUILD_DIR}/${FRAMEWORKS_FOLDER_PATH}/AlamofireImage.framework",
			);
			runOnlyForDeploymentPostprocessing = 0;
			shellPath = /bin/sh;
			shellScript = "\"${SRCROOT}/Pods/Target Support Files/Pods-flix/Pods-flix-frameworks.sh\"\n";
			showEnvVarsInLog = 0;
		};
/* End PBXShellScriptBuildPhase section */

/* Begin PBXSourcesBuildPhase section */
		6A4D29F02146F85E000DE11E /* Sources */ = {
			isa = PBXSourcesBuildPhase;
			buildActionMask = 2147483647;
			files = (
				6A4D2A262146FCAE000DE11E /* NowPlayingViewController.swift in Sources */,
				6A4D29F82146F85E000DE11E /* AppDelegate.swift in Sources */,
				6A4D2A2821470DE2000DE11E /* MovieCell.swift in Sources */,
				6A9FF93021499D8500F31E2A /* DetailViewController.swift in Sources */,
			);
			runOnlyForDeploymentPostprocessing = 0;
		};
		6A4D2A042146F85F000DE11E /* Sources */ = {
			isa = PBXSourcesBuildPhase;
			buildActionMask = 2147483647;
			files = (
				6A4D2A0D2146F85F000DE11E /* flixTests.swift in Sources */,
			);
			runOnlyForDeploymentPostprocessing = 0;
		};
		6A4D2A0F2146F85F000DE11E /* Sources */ = {
			isa = PBXSourcesBuildPhase;
			buildActionMask = 2147483647;
			files = (
				6A4D2A182146F85F000DE11E /* flixUITests.swift in Sources */,
			);
			runOnlyForDeploymentPostprocessing = 0;
		};
/* End PBXSourcesBuildPhase section */

/* Begin PBXTargetDependency section */
		6A4D2A0A2146F85F000DE11E /* PBXTargetDependency */ = {
			isa = PBXTargetDependency;
			target = 6A4D29F32146F85E000DE11E /* flix */;
			targetProxy = 6A4D2A092146F85F000DE11E /* PBXContainerItemProxy */;
		};
		6A4D2A152146F85F000DE11E /* PBXTargetDependency */ = {
			isa = PBXTargetDependency;
			target = 6A4D29F32146F85E000DE11E /* flix */;
			targetProxy = 6A4D2A142146F85F000DE11E /* PBXContainerItemProxy */;
		};
/* End PBXTargetDependency section */

/* Begin PBXVariantGroup section */
		6A4D29FB2146F85E000DE11E /* Main.storyboard */ = {
			isa = PBXVariantGroup;
			children = (
				6A4D29FC2146F85E000DE11E /* Base */,
			);
			name = Main.storyboard;
			sourceTree = "<group>";
		};
		6A4D2A002146F85F000DE11E /* LaunchScreen.storyboard */ = {
			isa = PBXVariantGroup;
			children = (
				6A4D2A012146F85F000DE11E /* Base */,
			);
			name = LaunchScreen.storyboard;
			sourceTree = "<group>";
		};
/* End PBXVariantGroup section */

/* Begin XCBuildConfiguration section */
		6A4D2A1A2146F85F000DE11E /* Debug */ = {
			isa = XCBuildConfiguration;
			buildSettings = {
				ALWAYS_SEARCH_USER_PATHS = NO;
				CLANG_ANALYZER_NONNULL = YES;
				CLANG_ANALYZER_NUMBER_OBJECT_CONVERSION = YES_AGGRESSIVE;
				CLANG_CXX_LANGUAGE_STANDARD = "gnu++14";
				CLANG_CXX_LIBRARY = "libc++";
				CLANG_ENABLE_MODULES = YES;
				CLANG_ENABLE_OBJC_ARC = YES;
				CLANG_ENABLE_OBJC_WEAK = YES;
				CLANG_WARN_BLOCK_CAPTURE_AUTORELEASING = YES;
				CLANG_WARN_BOOL_CONVERSION = YES;
				CLANG_WARN_COMMA = YES;
				CLANG_WARN_CONSTANT_CONVERSION = YES;
				CLANG_WARN_DEPRECATED_OBJC_IMPLEMENTATIONS = YES;
				CLANG_WARN_DIRECT_OBJC_ISA_USAGE = YES_ERROR;
				CLANG_WARN_DOCUMENTATION_COMMENTS = YES;
				CLANG_WARN_EMPTY_BODY = YES;
				CLANG_WARN_ENUM_CONVERSION = YES;
				CLANG_WARN_INFINITE_RECURSION = YES;
				CLANG_WARN_INT_CONVERSION = YES;
				CLANG_WARN_NON_LITERAL_NULL_CONVERSION = YES;
				CLANG_WARN_OBJC_IMPLICIT_RETAIN_SELF = YES;
				CLANG_WARN_OBJC_LITERAL_CONVERSION = YES;
				CLANG_WARN_OBJC_ROOT_CLASS = YES_ERROR;
				CLANG_WARN_RANGE_LOOP_ANALYSIS = YES;
				CLANG_WARN_STRICT_PROTOTYPES = YES;
				CLANG_WARN_SUSPICIOUS_MOVE = YES;
				CLANG_WARN_UNGUARDED_AVAILABILITY = YES_AGGRESSIVE;
				CLANG_WARN_UNREACHABLE_CODE = YES;
				CLANG_WARN__DUPLICATE_METHOD_MATCH = YES;
				CODE_SIGN_IDENTITY = "iPhone Developer";
				COPY_PHASE_STRIP = NO;
				DEBUG_INFORMATION_FORMAT = dwarf;
				ENABLE_STRICT_OBJC_MSGSEND = YES;
				ENABLE_TESTABILITY = YES;
				GCC_C_LANGUAGE_STANDARD = gnu11;
				GCC_DYNAMIC_NO_PIC = NO;
				GCC_NO_COMMON_BLOCKS = YES;
				GCC_OPTIMIZATION_LEVEL = 0;
				GCC_PREPROCESSOR_DEFINITIONS = (
					"DEBUG=1",
					"$(inherited)",
				);
				GCC_WARN_64_TO_32_BIT_CONVERSION = YES;
				GCC_WARN_ABOUT_RETURN_TYPE = YES_ERROR;
				GCC_WARN_UNDECLARED_SELECTOR = YES;
				GCC_WARN_UNINITIALIZED_AUTOS = YES_AGGRESSIVE;
				GCC_WARN_UNUSED_FUNCTION = YES;
				GCC_WARN_UNUSED_VARIABLE = YES;
				IPHONEOS_DEPLOYMENT_TARGET = 11.4;
				MTL_ENABLE_DEBUG_INFO = YES;
				ONLY_ACTIVE_ARCH = YES;
				SDKROOT = iphoneos;
				SWIFT_ACTIVE_COMPILATION_CONDITIONS = DEBUG;
				SWIFT_OPTIMIZATION_LEVEL = "-Onone";
			};
			name = Debug;
		};
		6A4D2A1B2146F85F000DE11E /* Release */ = {
			isa = XCBuildConfiguration;
			buildSettings = {
				ALWAYS_SEARCH_USER_PATHS = NO;
				CLANG_ANALYZER_NONNULL = YES;
				CLANG_ANALYZER_NUMBER_OBJECT_CONVERSION = YES_AGGRESSIVE;
				CLANG_CXX_LANGUAGE_STANDARD = "gnu++14";
				CLANG_CXX_LIBRARY = "libc++";
				CLANG_ENABLE_MODULES = YES;
				CLANG_ENABLE_OBJC_ARC = YES;
				CLANG_ENABLE_OBJC_WEAK = YES;
				CLANG_WARN_BLOCK_CAPTURE_AUTORELEASING = YES;
				CLANG_WARN_BOOL_CONVERSION = YES;
				CLANG_WARN_COMMA = YES;
				CLANG_WARN_CONSTANT_CONVERSION = YES;
				CLANG_WARN_DEPRECATED_OBJC_IMPLEMENTATIONS = YES;
				CLANG_WARN_DIRECT_OBJC_ISA_USAGE = YES_ERROR;
				CLANG_WARN_DOCUMENTATION_COMMENTS = YES;
				CLANG_WARN_EMPTY_BODY = YES;
				CLANG_WARN_ENUM_CONVERSION = YES;
				CLANG_WARN_INFINITE_RECURSION = YES;
				CLANG_WARN_INT_CONVERSION = YES;
				CLANG_WARN_NON_LITERAL_NULL_CONVERSION = YES;
				CLANG_WARN_OBJC_IMPLICIT_RETAIN_SELF = YES;
				CLANG_WARN_OBJC_LITERAL_CONVERSION = YES;
				CLANG_WARN_OBJC_ROOT_CLASS = YES_ERROR;
				CLANG_WARN_RANGE_LOOP_ANALYSIS = YES;
				CLANG_WARN_STRICT_PROTOTYPES = YES;
				CLANG_WARN_SUSPICIOUS_MOVE = YES;
				CLANG_WARN_UNGUARDED_AVAILABILITY = YES_AGGRESSIVE;
				CLANG_WARN_UNREACHABLE_CODE = YES;
				CLANG_WARN__DUPLICATE_METHOD_MATCH = YES;
				CODE_SIGN_IDENTITY = "iPhone Developer";
				COPY_PHASE_STRIP = NO;
				DEBUG_INFORMATION_FORMAT = "dwarf-with-dsym";
				ENABLE_NS_ASSERTIONS = NO;
				ENABLE_STRICT_OBJC_MSGSEND = YES;
				GCC_C_LANGUAGE_STANDARD = gnu11;
				GCC_NO_COMMON_BLOCKS = YES;
				GCC_WARN_64_TO_32_BIT_CONVERSION = YES;
				GCC_WARN_ABOUT_RETURN_TYPE = YES_ERROR;
				GCC_WARN_UNDECLARED_SELECTOR = YES;
				GCC_WARN_UNINITIALIZED_AUTOS = YES_AGGRESSIVE;
				GCC_WARN_UNUSED_FUNCTION = YES;
				GCC_WARN_UNUSED_VARIABLE = YES;
				IPHONEOS_DEPLOYMENT_TARGET = 11.4;
				MTL_ENABLE_DEBUG_INFO = NO;
				SDKROOT = iphoneos;
				SWIFT_COMPILATION_MODE = wholemodule;
				SWIFT_OPTIMIZATION_LEVEL = "-O";
				VALIDATE_PRODUCT = YES;
			};
			name = Release;
		};
		6A4D2A1D2146F85F000DE11E /* Debug */ = {
			isa = XCBuildConfiguration;
			baseConfigurationReference = 2C11FE04F63F8EDB93A419F0 /* Pods-flix.debug.xcconfig */;
			buildSettings = {
				ASSETCATALOG_COMPILER_APPICON_NAME = AppIcon;
				CODE_SIGN_STYLE = Automatic;
				INFOPLIST_FILE = flix/Info.plist;
				LD_RUNPATH_SEARCH_PATHS = (
					"$(inherited)",
					"@executable_path/Frameworks",
				);
				PRODUCT_BUNDLE_IDENTIFIER = cp.flix;
				PRODUCT_NAME = "$(TARGET_NAME)";
				SWIFT_VERSION = 4.0;
				TARGETED_DEVICE_FAMILY = "1,2";
			};
			name = Debug;
		};
		6A4D2A1E2146F85F000DE11E /* Release */ = {
			isa = XCBuildConfiguration;
			baseConfigurationReference = DDC19F0B9CDB7E8BBA326E71 /* Pods-flix.release.xcconfig */;
			buildSettings = {
				ASSETCATALOG_COMPILER_APPICON_NAME = AppIcon;
				CODE_SIGN_STYLE = Automatic;
				INFOPLIST_FILE = flix/Info.plist;
				LD_RUNPATH_SEARCH_PATHS = (
					"$(inherited)",
					"@executable_path/Frameworks",
				);
				PRODUCT_BUNDLE_IDENTIFIER = cp.flix;
				PRODUCT_NAME = "$(TARGET_NAME)";
				SWIFT_VERSION = 4.0;
				TARGETED_DEVICE_FAMILY = "1,2";
			};
			name = Release;
		};
		6A4D2A202146F85F000DE11E /* Debug */ = {
			isa = XCBuildConfiguration;
			baseConfigurationReference = F434559E9C17459F2245F8A0 /* Pods-flixTests.debug.xcconfig */;
			buildSettings = {
				ALWAYS_EMBED_SWIFT_STANDARD_LIBRARIES = YES;
				BUNDLE_LOADER = "$(TEST_HOST)";
				CODE_SIGN_STYLE = Automatic;
				INFOPLIST_FILE = flixTests/Info.plist;
				LD_RUNPATH_SEARCH_PATHS = (
					"$(inherited)",
					"@executable_path/Frameworks",
					"@loader_path/Frameworks",
				);
				PRODUCT_BUNDLE_IDENTIFIER = cp.flixTests;
				PRODUCT_NAME = "$(TARGET_NAME)";
				SWIFT_VERSION = 4.0;
				TARGETED_DEVICE_FAMILY = "1,2";
				TEST_HOST = "$(BUILT_PRODUCTS_DIR)/flix.app/flix";
			};
			name = Debug;
		};
		6A4D2A212146F85F000DE11E /* Release */ = {
			isa = XCBuildConfiguration;
			baseConfigurationReference = 177D49784B4361634FDDDE2A /* Pods-flixTests.release.xcconfig */;
			buildSettings = {
				ALWAYS_EMBED_SWIFT_STANDARD_LIBRARIES = YES;
				BUNDLE_LOADER = "$(TEST_HOST)";
				CODE_SIGN_STYLE = Automatic;
				INFOPLIST_FILE = flixTests/Info.plist;
				LD_RUNPATH_SEARCH_PATHS = (
					"$(inherited)",
					"@executable_path/Frameworks",
					"@loader_path/Frameworks",
				);
				PRODUCT_BUNDLE_IDENTIFIER = cp.flixTests;
				PRODUCT_NAME = "$(TARGET_NAME)";
				SWIFT_VERSION = 4.0;
				TARGETED_DEVICE_FAMILY = "1,2";
				TEST_HOST = "$(BUILT_PRODUCTS_DIR)/flix.app/flix";
			};
			name = Release;
		};
		6A4D2A232146F85F000DE11E /* Debug */ = {
			isa = XCBuildConfiguration;
			baseConfigurationReference = A5BE41784A0CCB0ECF3722D5 /* Pods-flixUITests.debug.xcconfig */;
			buildSettings = {
				ALWAYS_EMBED_SWIFT_STANDARD_LIBRARIES = YES;
				CODE_SIGN_STYLE = Automatic;
				INFOPLIST_FILE = flixUITests/Info.plist;
				LD_RUNPATH_SEARCH_PATHS = (
					"$(inherited)",
					"@executable_path/Frameworks",
					"@loader_path/Frameworks",
				);
				PRODUCT_BUNDLE_IDENTIFIER = cp.flixUITests;
				PRODUCT_NAME = "$(TARGET_NAME)";
				SWIFT_VERSION = 4.0;
				TARGETED_DEVICE_FAMILY = "1,2";
				TEST_TARGET_NAME = flix;
			};
			name = Debug;
		};
		6A4D2A242146F85F000DE11E /* Release */ = {
			isa = XCBuildConfiguration;
			baseConfigurationReference = AC195BFE35AFE91DD6BD49E8 /* Pods-flixUITests.release.xcconfig */;
			buildSettings = {
				ALWAYS_EMBED_SWIFT_STANDARD_LIBRARIES = YES;
				CODE_SIGN_STYLE = Automatic;
				INFOPLIST_FILE = flixUITests/Info.plist;
				LD_RUNPATH_SEARCH_PATHS = (
					"$(inherited)",
					"@executable_path/Frameworks",
					"@loader_path/Frameworks",
				);
				PRODUCT_BUNDLE_IDENTIFIER = cp.flixUITests;
				PRODUCT_NAME = "$(TARGET_NAME)";
				SWIFT_VERSION = 4.0;
				TARGETED_DEVICE_FAMILY = "1,2";
				TEST_TARGET_NAME = flix;
			};
			name = Release;
		};
/* End XCBuildConfiguration section */

/* Begin XCConfigurationList section */
		6A4D29EF2146F85E000DE11E /* Build configuration list for PBXProject "flix" */ = {
			isa = XCConfigurationList;
			buildConfigurations = (
				6A4D2A1A2146F85F000DE11E /* Debug */,
				6A4D2A1B2146F85F000DE11E /* Release */,
			);
			defaultConfigurationIsVisible = 0;
			defaultConfigurationName = Release;
		};
		6A4D2A1C2146F85F000DE11E /* Build configuration list for PBXNativeTarget "flix" */ = {
			isa = XCConfigurationList;
			buildConfigurations = (
				6A4D2A1D2146F85F000DE11E /* Debug */,
				6A4D2A1E2146F85F000DE11E /* Release */,
			);
			defaultConfigurationIsVisible = 0;
			defaultConfigurationName = Release;
		};
		6A4D2A1F2146F85F000DE11E /* Build configuration list for PBXNativeTarget "flixTests" */ = {
			isa = XCConfigurationList;
			buildConfigurations = (
				6A4D2A202146F85F000DE11E /* Debug */,
				6A4D2A212146F85F000DE11E /* Release */,
			);
			defaultConfigurationIsVisible = 0;
			defaultConfigurationName = Release;
		};
		6A4D2A222146F85F000DE11E /* Build configuration list for PBXNativeTarget "flixUITests" */ = {
			isa = XCConfigurationList;
			buildConfigurations = (
				6A4D2A232146F85F000DE11E /* Debug */,
				6A4D2A242146F85F000DE11E /* Release */,
			);
			defaultConfigurationIsVisible = 0;
			defaultConfigurationName = Release;
		};
/* End XCConfigurationList section */
	};
	rootObject = 6A4D29EC2146F85E000DE11E /* Project object */;
}
